
Microsoft Visual Studio Solution File, Format Version 12.00
# Visual Studio Version 17
VisualStudioVersion = 17.9.34902.65
MinimumVisualStudioVersion = 10.0.40219.1
Project("{8BC9CEB8-8B4A-11D0-8D11-00A0C91BC942}") = "Clicker-Game", "Clicker-Game\Clicker-Game.vcxproj", "{BE49E52F-E65A-4D1D-B342-5A2C4DAABEDE}"
EndProject
Global
	GlobalSection(SolutionConfigurationPlatforms) = preSolution
		Debug|x64 = Debug|x64
		Debug|x86 = Debug|x86
		Release|x64 = Release|x64
		Release|x86 = Release|x86
	EndGlobalSection
	GlobalSection(ProjectConfigurationPlatforms) = postSolution
		{BE49E52F-E65A-4D1D-B342-5A2C4DAABEDE}.Debug|x64.ActiveCfg = Debug|x64
		{BE49E52F-E65A-4D1D-B342-5A2C4DAABEDE}.Debug|x64.Build.0 = Debug|x64
		{BE49E52F-E65A-4D1D-B342-5A2C4DAABEDE}.Debug|x86.ActiveCfg = Debug|Win32
		{BE49E52F-E65A-4D1D-B342-5A2C4DAABEDE}.Debug|x86.Build.0 = Debug|Win32
		{BE49E52F-E65A-4D1D-B342-5A2C4DAABEDE}.Release|x64.ActiveCfg = Release|x64
		{BE49E52F-E65A-4D1D-B342-5A2C4DAABEDE}.Release|x64.Build.0 = Release|x64
		{BE49E52F-E65A-4D1D-B342-5A2C4DAABEDE}.Release|x86.ActiveCfg = Release|Win32
		{BE49E52F-E65A-4D1D-B342-5A2C4DAABEDE}.Release|x86.Build.0 = Release|Win32
	EndGlobalSection
	GlobalSection(SolutionProperties) = preSolution
		HideSolutionNode = FALSE
	EndGlobalSection
	GlobalSection(ExtensibilityGlobals) = postSolution
		SolutionGuid = {AC85F9EC-593A-464C-B88D-3894F322BD83}
	EndGlobalSection
EndGlobal
